Microsoft Visual Studio Solution File, Format Version 12.00
# Visual Studio Version 17
VisualStudioVersion = 17.5.2.0
MinimumVisualStudioVersion = 10.0.40219.1
Project("{FAE04EC0-301F-11D3-BF4B-00C04F79EFBC}") = "magnitudVectores", "magnitudVectores.csproj", "{DAC8AA42-0311-5221-2C3F-16DA6A640BEA}"
EndProject
Global
	GlobalSection(SolutionConfigurationPlatforms) = preSolution
		Debug|Any CPU = Debug|Any CPU
		Release|Any CPU = Release|Any CPU
	EndGlobalSection
	GlobalSection(ProjectConfigurationPlatforms) = postSolution
		{DAC8AA42-0311-5221-2C3F-16DA6A640BEA}.Debug|Any CPU.ActiveCfg = Debug|Any CPU
		{DAC8AA42-0311-5221-2C3F-16DA6A640BEA}.Debug|Any CPU.Build.0 = Debug|Any CPU
		{DAC8AA42-0311-5221-2C3F-16DA6A640BEA}.Release|Any CPU.ActiveCfg = Release|Any CPU
		{DAC8AA42-0311-5221-2C3F-16DA6A640BEA}.Release|Any CPU.Build.0 = Release|Any CPU
	EndGlobalSection
	GlobalSection(SolutionProperties) = preSolution
		HideSolutionNode = FALSE
	EndGlobalSection
	GlobalSection(ExtensibilityGlobals) = postSolution
		SolutionGuid = {1E64D2B1-7DD5-4399-81D4-5EF7ACE548C8}
	EndGlobalSection
EndGlobal
